
Microsoft Visual Studio Solution File, Format Version 12.00
# Visual Studio Version 16
VisualStudioVersion = 16.0.29318.209
MinimumVisualStudioVersion = 10.0.40219.1
Project("{FAE04EC0-301F-11D3-BF4B-00C04F79EFBC}") = "Console_Blog", "Console_Blog.csproj", "{26AE314D-B482-45EC-80F1-DA5379C2246F}"
EndProject
Global
	GlobalSection(SolutionConfigurationPlatforms) = preSolution
		Debug|Any CPU = Debug|Any CPU
		Release|Any CPU = Release|Any CPU
	EndGlobalSection
	GlobalSection(ProjectConfigurationPlatforms) = postSolution
		{26AE314D-B482-45EC-80F1-DA5379C2246F}.Debug|Any CPU.ActiveCfg = Debug|Any CPU
		{26AE314D-B482-45EC-80F1-DA5379C2246F}.Debug|Any CPU.Build.0 = Debug|Any CPU
		{26AE314D-B482-45EC-80F1-DA5379C2246F}.Release|Any CPU.ActiveCfg = Release|Any CPU
		{26AE314D-B482-45EC-80F1-DA5379C2246F}.Release|Any CPU.Build.0 = Release|Any CPU
	EndGlobalSection
	GlobalSection(SolutionProperties) = preSolution
		HideSolutionNode = FALSE
	EndGlobalSection
	GlobalSection(ExtensibilityGlobals) = postSolution
		SolutionGuid = {CDC9DEA7-3BD6-44AD-88A1-4366586FA5A2}
	EndGlobalSection
EndGlobal
